
Microsoft Visual Studio Solution File, Format Version 12.00
# Visual Studio Version 16
VisualStudioVersion = 16.0.31702.278
MinimumVisualStudioVersion = 10.0.40219.1
Project("{FAE04EC0-301F-11D3-BF4B-00C04F79EFBC}") = "DiscountStoreTask", "DiscountStoreTask\DiscountStoreTask.csproj", "{0A33AA0D-66CD-4C7E-AA89-D58D321B237A}"
EndProject
Global
	GlobalSection(SolutionConfigurationPlatforms) = preSolution
		Debug|Any CPU = Debug|Any CPU
		Release|Any CPU = Release|Any CPU
	EndGlobalSection
	GlobalSection(ProjectConfigurationPlatforms) = postSolution
		{0A33AA0D-66CD-4C7E-AA89-D58D321B237A}.Debug|Any CPU.ActiveCfg = Debug|Any CPU
		{0A33AA0D-66CD-4C7E-AA89-D58D321B237A}.Debug|Any CPU.Build.0 = Debug|Any CPU
		{0A33AA0D-66CD-4C7E-AA89-D58D321B237A}.Release|Any CPU.ActiveCfg = Release|Any CPU
		{0A33AA0D-66CD-4C7E-AA89-D58D321B237A}.Release|Any CPU.Build.0 = Release|Any CPU
	EndGlobalSection
	GlobalSection(SolutionProperties) = preSolution
		HideSolutionNode = FALSE
	EndGlobalSection
	GlobalSection(ExtensibilityGlobals) = postSolution
		SolutionGuid = {47E0CC00-B782-4464-87B5-44CF8FDE24A4}
	EndGlobalSection
EndGlobal
